
Microsoft Visual Studio Solution File, Format Version 12.00
# Visual Studio Version 16
VisualStudioVersion = 16.0.31624.102
MinimumVisualStudioVersion = 10.0.40219.1
Project("{FAE04EC0-301F-11D3-BF4B-00C04F79EFBC}") = "ConvertToRoman", "ConvertToRoman\ConvertToRoman.csproj", "{B3148BCB-FB7F-44AC-9653-1B426182BE2E}"
EndProject
Project("{FAE04EC0-301F-11D3-BF4B-00C04F79EFBC}") = "UnitTestToRoman", "UnitTestToRoman\UnitTestToRoman.csproj", "{E8DFD7F2-3639-47E6-859E-C8C7F17395A7}"
EndProject
Global
	GlobalSection(SolutionConfigurationPlatforms) = preSolution
		Debug|Any CPU = Debug|Any CPU
		Release|Any CPU = Release|Any CPU
	EndGlobalSection
	GlobalSection(ProjectConfigurationPlatforms) = postSolution
		{B3148BCB-FB7F-44AC-9653-1B426182BE2E}.Debug|Any CPU.ActiveCfg = Debug|Any CPU
		{B3148BCB-FB7F-44AC-9653-1B426182BE2E}.Debug|Any CPU.Build.0 = Debug|Any CPU
		{B3148BCB-FB7F-44AC-9653-1B426182BE2E}.Release|Any CPU.ActiveCfg = Release|Any CPU
		{B3148BCB-FB7F-44AC-9653-1B426182BE2E}.Release|Any CPU.Build.0 = Release|Any CPU
		{E8DFD7F2-3639-47E6-859E-C8C7F17395A7}.Debug|Any CPU.ActiveCfg = Debug|Any CPU
		{E8DFD7F2-3639-47E6-859E-C8C7F17395A7}.Debug|Any CPU.Build.0 = Debug|Any CPU
		{E8DFD7F2-3639-47E6-859E-C8C7F17395A7}.Release|Any CPU.ActiveCfg = Release|Any CPU
		{E8DFD7F2-3639-47E6-859E-C8C7F17395A7}.Release|Any CPU.Build.0 = Release|Any CPU
	EndGlobalSection
	GlobalSection(SolutionProperties) = preSolution
		HideSolutionNode = FALSE
	EndGlobalSection
	GlobalSection(ExtensibilityGlobals) = postSolution
		SolutionGuid = {D4A3D6E5-E6F8-4C20-9177-236C0FB88DE1}
	EndGlobalSection
EndGlobal
